
Microsoft Visual Studio Solution File, Format Version 12.00
# Visual Studio Version 17
VisualStudioVersion = 17.13.35818.85 d17.13
MinimumVisualStudioVersion = 10.0.40219.1
Project("{FAE04EC0-301F-11D3-BF4B-00C04F79EFBC}") = "Farmer-To-Customer", "Farmer-To-Customer.csproj", "{8DD3B803-0ADE-4374-BEC9-8855FD8BA8CF}"
EndProject
Global
	GlobalSection(SolutionConfigurationPlatforms) = preSolution
		Debug|Any CPU = Debug|Any CPU
		Release|Any CPU = Release|Any CPU
	EndGlobalSection
	GlobalSection(ProjectConfigurationPlatforms) = postSolution
		{8DD3B803-0ADE-4374-BEC9-8855FD8BA8CF}.Debug|Any CPU.ActiveCfg = Debug|Any CPU
		{8DD3B803-0ADE-4374-BEC9-8855FD8BA8CF}.Debug|Any CPU.Build.0 = Debug|Any CPU
		{8DD3B803-0ADE-4374-BEC9-8855FD8BA8CF}.Release|Any CPU.ActiveCfg = Release|Any CPU
		{8DD3B803-0ADE-4374-BEC9-8855FD8BA8CF}.Release|Any CPU.Build.0 = Release|Any CPU
	EndGlobalSection
	GlobalSection(SolutionProperties) = preSolution
		HideSolutionNode = FALSE
	EndGlobalSection
	GlobalSection(ExtensibilityGlobals) = postSolution
		SolutionGuid = {010C5955-5B25-4C99-9705-85A888B6B992}
	EndGlobalSection
EndGlobal
